
Microsoft Visual Studio Solution File, Format Version 12.00
# Visual Studio Version 17
VisualStudioVersion = 17.0.31919.166
MinimumVisualStudioVersion = 10.0.40219.1
Project("{FAE04EC0-301F-11D3-BF4B-00C04F79EFBC}") = "DapperConsoleApp", "DapperConsoleApp\DapperConsoleApp.csproj", "{7434E43E-C097-49CF-BF81-712A064E911A}"
EndProject
Global
	GlobalSection(SolutionConfigurationPlatforms) = preSolution
		Debug|Any CPU = Debug|Any CPU
		Release|Any CPU = Release|Any CPU
	EndGlobalSection
	GlobalSection(ProjectConfigurationPlatforms) = postSolution
		{7434E43E-C097-49CF-BF81-712A064E911A}.Debug|Any CPU.ActiveCfg = Debug|Any CPU
		{7434E43E-C097-49CF-BF81-712A064E911A}.Debug|Any CPU.Build.0 = Debug|Any CPU
		{7434E43E-C097-49CF-BF81-712A064E911A}.Release|Any CPU.ActiveCfg = Release|Any CPU
		{7434E43E-C097-49CF-BF81-712A064E911A}.Release|Any CPU.Build.0 = Release|Any CPU
	EndGlobalSection
	GlobalSection(SolutionProperties) = preSolution
		HideSolutionNode = FALSE
	EndGlobalSection
	GlobalSection(ExtensibilityGlobals) = postSolution
		SolutionGuid = {965FAC56-5813-439B-8C61-37F791F58B41}
	EndGlobalSection
EndGlobal
